
Microsoft Visual Studio Solution File, Format Version 12.00
# Visual Studio Version 16
VisualStudioVersion = 16.0.30503.244
MinimumVisualStudioVersion = 10.0.40219.1
Project("{9A19103F-16F7-4668-BE54-9A1E7A4F7556}") = "Kampintro", "Kampintro\Kampintro.csproj", "{ACD7EF78-622A-4409-972B-99457DE8608A}"
EndProject
Project("{9A19103F-16F7-4668-BE54-9A1E7A4F7556}") = "Donguler", "Donguler\Donguler.csproj", "{7E245523-4CEB-4E3E-A260-5F1D0FB08E73}"
EndProject
Project("{9A19103F-16F7-4668-BE54-9A1E7A4F7556}") = "ClassIntro", "ClassIntro\ClassIntro.csproj", "{9AAC554C-729E-4C11-BCE1-A13DE10EFC13}"
EndProject
Project("{9A19103F-16F7-4668-BE54-9A1E7A4F7556}") = "Metotlar", "Metotlar\Metotlar.csproj", "{CF04FB27-FF7C-4117-AB9E-75BBBB9C3E9F}"
EndProject
Project("{9A19103F-16F7-4668-BE54-9A1E7A4F7556}") = "Matematik", "Matematik\Matematik.csproj", "{57D41D27-7D64-4C29-94D2-5CF026EF41FE}"
EndProject
Project("{9A19103F-16F7-4668-BE54-9A1E7A4F7556}") = "DegerVeReferansTipler", "DegerVeReferansTipler\DegerVeReferansTipler.csproj", "{268543AE-AE0E-4E49-9C62-8D7E29AABC17}"
EndProject
Project("{9A19103F-16F7-4668-BE54-9A1E7A4F7556}") = "OOP1", "OOP1\OOP1.csproj", "{EC9E764C-ACF6-4229-8B43-A89B4B0E5262}"
EndProject
Project("{9A19103F-16F7-4668-BE54-9A1E7A4F7556}") = "Koleksiyonlar", "Koleksiyonlar\Koleksiyonlar.csproj", "{1E1087EE-0C6C-4CE2-B847-87EA8FDF2AB6}"
EndProject
Project("{9A19103F-16F7-4668-BE54-9A1E7A4F7556}") = "GenericsIntro", "GenericsIntro\GenericsIntro.csproj", "{FFBF5408-335B-4FE0-AA79-797C5BFE1358}"
EndProject
Project("{9A19103F-16F7-4668-BE54-9A1E7A4F7556}") = "EkCalismalar", "EkCalismalar\EkCalismalar.csproj", "{64B30350-8E83-4E22-A3B6-9F9E14D659E7}"
EndProject
Project("{9A19103F-16F7-4668-BE54-9A1E7A4F7556}") = "Oop2", "Oop2\Oop2.csproj", "{121D59FB-E67A-48DA-94B3-4EC20F1A5193}"
EndProject
Project("{FAE04EC0-301F-11D3-BF4B-00C04F79EFBC}") = "OOP3", "OOP3\OOP3.csproj", "{49597B10-0800-4814-A480-3EEF960EADE7}"
EndProject
Global
	GlobalSection(SolutionConfigurationPlatforms) = preSolution
		Debug|Any CPU = Debug|Any CPU
		Release|Any CPU = Release|Any CPU
	EndGlobalSection
	GlobalSection(ProjectConfigurationPlatforms) = postSolution
		{ACD7EF78-622A-4409-972B-99457DE8608A}.Debug|Any CPU.ActiveCfg = Debug|Any CPU
		{ACD7EF78-622A-4409-972B-99457DE8608A}.Debug|Any CPU.Build.0 = Debug|Any CPU
		{ACD7EF78-622A-4409-972B-99457DE8608A}.Release|Any CPU.ActiveCfg = Release|Any CPU
		{ACD7EF78-622A-4409-972B-99457DE8608A}.Release|Any CPU.Build.0 = Release|Any CPU
		{7E245523-4CEB-4E3E-A260-5F1D0FB08E73}.Debug|Any CPU.ActiveCfg = Debug|Any CPU
		{7E245523-4CEB-4E3E-A260-5F1D0FB08E73}.Debug|Any CPU.Build.0 = Debug|Any CPU
		{7E245523-4CEB-4E3E-A260-5F1D0FB08E73}.Release|Any CPU.ActiveCfg = Release|Any CPU
		{7E245523-4CEB-4E3E-A260-5F1D0FB08E73}.Release|Any CPU.Build.0 = Release|Any CPU
		{9AAC554C-729E-4C11-BCE1-A13DE10EFC13}.Debug|Any CPU.ActiveCfg = Debug|Any CPU
		{9AAC554C-729E-4C11-BCE1-A13DE10EFC13}.Debug|Any CPU.Build.0 = Debug|Any CPU
		{9AAC554C-729E-4C11-BCE1-A13DE10EFC13}.Release|Any CPU.ActiveCfg = Release|Any CPU
		{9AAC554C-729E-4C11-BCE1-A13DE10EFC13}.Release|Any CPU.Build.0 = Release|Any CPU
		{CF04FB27-FF7C-4117-AB9E-75BBBB9C3E9F}.Debug|Any CPU.ActiveCfg = Debug|Any CPU
		{CF04FB27-FF7C-4117-AB9E-75BBBB9C3E9F}.Debug|Any CPU.Build.0 = Debug|Any CPU
		{CF04FB27-FF7C-4117-AB9E-75BBBB9C3E9F}.Release|Any CPU.ActiveCfg = Release|Any CPU
		{CF04FB27-FF7C-4117-AB9E-75BBBB9C3E9F}.Release|Any CPU.Build.0 = Release|Any CPU
		{57D41D27-7D64-4C29-94D2-5CF026EF41FE}.Debug|Any CPU.ActiveCfg = Debug|Any CPU
		{57D41D27-7D64-4C29-94D2-5CF026EF41FE}.Debug|Any CPU.Build.0 = Debug|Any CPU
		{57D41D27-7D64-4C29-94D2-5CF026EF41FE}.Release|Any CPU.ActiveCfg = Release|Any CPU
		{57D41D27-7D64-4C29-94D2-5CF026EF41FE}.Release|Any CPU.Build.0 = Release|Any CPU
		{268543AE-AE0E-4E49-9C62-8D7E29AABC17}.Debug|Any CPU.ActiveCfg = Debug|Any CPU
		{268543AE-AE0E-4E49-9C62-8D7E29AABC17}.Debug|Any CPU.Build.0 = Debug|Any CPU
		{268543AE-AE0E-4E49-9C62-8D7E29AABC17}.Release|Any CPU.ActiveCfg = Release|Any CPU
		{268543AE-AE0E-4E49-9C62-8D7E29AABC17}.Release|Any CPU.Build.0 = Release|Any CPU
		{EC9E764C-ACF6-4229-8B43-A89B4B0E5262}.Debug|Any CPU.ActiveCfg = Debug|Any CPU
		{EC9E764C-ACF6-4229-8B43-A89B4B0E5262}.Debug|Any CPU.Build.0 = Debug|Any CPU
		{EC9E764C-ACF6-4229-8B43-A89B4B0E5262}.Release|Any CPU.ActiveCfg = Release|Any CPU
		{EC9E764C-ACF6-4229-8B43-A89B4B0E5262}.Release|Any CPU.Build.0 = Release|Any CPU
		{1E1087EE-0C6C-4CE2-B847-87EA8FDF2AB6}.Debug|Any CPU.ActiveCfg = Debug|Any CPU
		{1E1087EE-0C6C-4CE2-B847-87EA8FDF2AB6}.Debug|Any CPU.Build.0 = Debug|Any CPU
		{1E1087EE-0C6C-4CE2-B847-87EA8FDF2AB6}.Release|Any CPU.ActiveCfg = Release|Any CPU
		{1E1087EE-0C6C-4CE2-B847-87EA8FDF2AB6}.Release|Any CPU.Build.0 = Release|Any CPU
		{FFBF5408-335B-4FE0-AA79-797C5BFE1358}.Debug|Any CPU.ActiveCfg = Debug|Any CPU
		{FFBF5408-335B-4FE0-AA79-797C5BFE1358}.Debug|Any CPU.Build.0 = Debug|Any CPU
		{FFBF5408-335B-4FE0-AA79-797C5BFE1358}.Release|Any CPU.ActiveCfg = Release|Any CPU
		{FFBF5408-335B-4FE0-AA79-797C5BFE1358}.Release|Any CPU.Build.0 = Release|Any CPU
		{64B30350-8E83-4E22-A3B6-9F9E14D659E7}.Debug|Any CPU.ActiveCfg = Debug|Any CPU
		{64B30350-8E83-4E22-A3B6-9F9E14D659E7}.Debug|Any CPU.Build.0 = Debug|Any CPU
		{64B30350-8E83-4E22-A3B6-9F9E14D659E7}.Release|Any CPU.ActiveCfg = Release|Any CPU
		{64B30350-8E83-4E22-A3B6-9F9E14D659E7}.Release|Any CPU.Build.0 = Release|Any CPU
		{121D59FB-E67A-48DA-94B3-4EC20F1A5193}.Debug|Any CPU.ActiveCfg = Debug|Any CPU
		{121D59FB-E67A-48DA-94B3-4EC20F1A5193}.Debug|Any CPU.Build.0 = Debug|Any CPU
		{121D59FB-E67A-48DA-94B3-4EC20F1A5193}.Release|Any CPU.ActiveCfg = Release|Any CPU
		{121D59FB-E67A-48DA-94B3-4EC20F1A5193}.Release|Any CPU.Build.0 = Release|Any CPU
		{49597B10-0800-4814-A480-3EEF960EADE7}.Debug|Any CPU.ActiveCfg = Debug|Any CPU
		{49597B10-0800-4814-A480-3EEF960EADE7}.Debug|Any CPU.Build.0 = Debug|Any CPU
		{49597B10-0800-4814-A480-3EEF960EADE7}.Release|Any CPU.ActiveCfg = Release|Any CPU
		{49597B10-0800-4814-A480-3EEF960EADE7}.Release|Any CPU.Build.0 = Release|Any CPU
	EndGlobalSection
	GlobalSection(SolutionProperties) = preSolution
		HideSolutionNode = FALSE
	EndGlobalSection
	GlobalSection(ExtensibilityGlobals) = postSolution
		SolutionGuid = {99D4C519-9564-400E-A799-4F2A38B5AE17}
	EndGlobalSection
EndGlobal
